
Microsoft Visual Studio Solution File, Format Version 12.00
# Visual Studio 15
VisualStudioVersion = 15.0.27004.2009
MinimumVisualStudioVersion = 10.0.40219.1
Project("{FAE04EC0-301F-11D3-BF4B-00C04F79EFBC}") = "TP3 Qualite", "TP3 Qualite\TP3 Qualite.csproj", "{349A858F-7D69-46BE-953E-5DC5CE165BC0}"
EndProject
Global
	GlobalSection(SolutionConfigurationPlatforms) = preSolution
		Debug|Any CPU = Debug|Any CPU
		Release|Any CPU = Release|Any CPU
	EndGlobalSection
	GlobalSection(ProjectConfigurationPlatforms) = postSolution
		{349A858F-7D69-46BE-953E-5DC5CE165BC0}.Debug|Any CPU.ActiveCfg = Debug|Any CPU
		{349A858F-7D69-46BE-953E-5DC5CE165BC0}.Debug|Any CPU.Build.0 = Debug|Any CPU
		{349A858F-7D69-46BE-953E-5DC5CE165BC0}.Release|Any CPU.ActiveCfg = Release|Any CPU
		{349A858F-7D69-46BE-953E-5DC5CE165BC0}.Release|Any CPU.Build.0 = Release|Any CPU
	EndGlobalSection
	GlobalSection(SolutionProperties) = preSolution
		HideSolutionNode = FALSE
	EndGlobalSection
	GlobalSection(ExtensibilityGlobals) = postSolution
		SolutionGuid = {22EBFD87-F995-4243-A7EE-D1D510A03C2E}
	EndGlobalSection
EndGlobal
